// !$*UTF8*$!
{

archiveVersion = 1;
classes = {};
objectVersion = 60;
objects = {

/* Begin PBXBuildFile section */
82B99CC2564A494BB0149053 /* PropertyAgentApp.swift in Sources */ = {isa = PBXBuildFile; fileRef = FC2F07AF05D3418D9E3CD51E /* PropertyAgentApp.swift */; };
FE54C32B306A467F944476BB /* ContentView.swift in Sources */ = {isa = PBXBuildFile; fileRef = 8EBD82132CBB41D984E5E535 /* ContentView.swift */; };
70ADA35527814F76ADD6BE63 /* ChatModels.swift in Sources */ = {isa = PBXBuildFile; fileRef = D564A7F45B7940FFB2D68A67 /* ChatModels.swift */; };
F40206BECBB142758399DAC8 /* APIClient.swift in Sources */ = {isa = PBXBuildFile; fileRef = 07A5EEB3BE35459E8BEA9A91 /* APIClient.swift */; };
BDCCAABCDEE7480CA477C624 /* Assets.xcassets in Resources */ = {isa = PBXBuildFile; fileRef = 78A3B848012741CB95004FF3 /* Assets.xcassets */; };
/* End PBXBuildFile section */

/* Begin PBXFileReference section */
FC2F07AF05D3418D9E3CD51E /* PropertyAgentApp.swift */ = {isa = PBXFileReference; lastKnownFileType = sourcecode.swift; path = PropertyAgentApp.swift; sourceTree = "<group>"; };
8EBD82132CBB41D984E5E535 /* ContentView.swift */ = {isa = PBXFileReference; lastKnownFileType = sourcecode.swift; path = ContentView.swift; sourceTree = "<group>"; };
D564A7F45B7940FFB2D68A67 /* ChatModels.swift */ = {isa = PBXFileReference; lastKnownFileType = sourcecode.swift; path = Models/ChatModels.swift; sourceTree = "<group>"; };
07A5EEB3BE35459E8BEA9A91 /* APIClient.swift */ = {isa = PBXFileReference; lastKnownFileType = sourcecode.swift; path = Services/APIClient.swift; sourceTree = "<group>"; };
78A3B848012741CB95004FF3 /* Assets.xcassets */ = {isa = PBXFileReference; lastKnownFileType = folder.assetcatalog; path = Assets.xcassets; sourceTree = "<group>"; };
44B76DC7C85A4A2BAD3CF9F8 /* PropertyAgent.entitlements */ = {isa = PBXFileReference; lastKnownFileType = text.plist.entitlements; path = PropertyAgent.entitlements; sourceTree = "<group>"; };
30336780BC7740DEB75C0426 /* PropertyAgent.app */ = {isa = PBXFileReference; explicitFileType = wrapper.application; includeInIndex = 0; path = PropertyAgent.app; sourceTree = BUILT_PRODUCTS_DIR; };
/* End PBXFileReference section */

/* Begin PBXGroup section */
A73467FF5E774B71B23F8832 /* PropertyAgent */ = {
isa = PBXGroup;
children = (
FC2F07AF05D3418D9E3CD51E /* PropertyAgentApp.swift */,
8EBD82132CBB41D984E5E535 /* ContentView.swift */,
D564A7F45B7940FFB2D68A67 /* ChatModels.swift */,
07A5EEB3BE35459E8BEA9A91 /* APIClient.swift */,
78A3B848012741CB95004FF3 /* Assets.xcassets */,
44B76DC7C85A4A2BAD3CF9F8 /* PropertyAgent.entitlements */,
);
path = PropertyAgent;
sourceTree = "<group>";
};
BD1FECF30FEF43DC859CCC05 /* Products */ = {
isa = PBXGroup;
children = (
30336780BC7740DEB75C0426 /* PropertyAgent.app */,
);
name = Products;
sourceTree = "<group>";
};
1F9341665D8A465EBF32C204 = {
isa = PBXGroup;
children = (
A73467FF5E774B71B23F8832 /* PropertyAgent */,
BD1FECF30FEF43DC859CCC05 /* Products */,
);
sourceTree = "<group>";
};
/* End PBXGroup section */

/* Begin PBXFrameworksBuildPhase section */
94717F78E51D4513AD9ADC5C /* Frameworks */ = {
isa = PBXFrameworksBuildPhase;
buildActionMask = 2147483647;
files = (
);
runOnlyForDeploymentPostprocessing = 0;
};
/* End PBXFrameworksBuildPhase section */

/* Begin PBXNativeTarget section */
8BEA77FCE5134F36B5C53A89 /* PropertyAgent */ = {
isa = PBXNativeTarget;
buildConfigurationList = D251734B073A4054893F5FF9 /* Build configuration list for PBXNativeTarget "PropertyAgent" */;
buildPhases = (
9295BAFCE4104E87A078BC91 /* Sources */,
94717F78E51D4513AD9ADC5C /* Frameworks */,
DF03E3C6BADB4B5ABA9C160F /* Resources */,
);
buildRules = (
);
dependencies = (
);
name = PropertyAgent;
productName = PropertyAgent;
productReference = 30336780BC7740DEB75C0426 /* PropertyAgent.app */;
productType = "com.apple.product-type.application";
};
/* End PBXNativeTarget section */

/* Begin PBXProject section */
4B4079C027A045969E0D2D91 /* Project object */ = {
isa = PBXProject;
buildConfigurationList = B83AA61AB37E40F1B23BFD39 /* Build configuration list for PBXProject "PropertyAgent" */;
compatibilityVersion = "Xcode 15.0";
developmentRegion = en;
hasScannedForEncodings = 0;
mainGroup = 1F9341665D8A465EBF32C204;
productRefGroup = BD1FECF30FEF43DC859CCC05 /* Products */;
projectDirPath = "";
projectRoot = "";
targets = (
8BEA77FCE5134F36B5C53A89 /* PropertyAgent */,
);
};
/* End PBXProject section */

/* Begin PBXResourcesBuildPhase section */
DF03E3C6BADB4B5ABA9C160F /* Resources */ = {
isa = PBXResourcesBuildPhase;
buildActionMask = 2147483647;
files = (
BDCCAABCDEE7480CA477C624 /* Assets.xcassets in Resources */,
);
runOnlyForDeploymentPostprocessing = 0;
};
/* End PBXResourcesBuildPhase section */

/* Begin PBXSourcesBuildPhase section */
9295BAFCE4104E87A078BC91 /* Sources */ = {
isa = PBXSourcesBuildPhase;
buildActionMask = 2147483647;
files = (
82B99CC2564A494BB0149053 /* PropertyAgentApp.swift in Sources */,
FE54C32B306A467F944476BB /* ContentView.swift in Sources */,
70ADA35527814F76ADD6BE63 /* ChatModels.swift in Sources */,
F40206BECBB142758399DAC8 /* APIClient.swift in Sources */,
);
runOnlyForDeploymentPostprocessing = 0;
};
/* End PBXSourcesBuildPhase section */

/* Begin XCBuildConfiguration section */
5C7CE7D78DE845F2B14FDC97 /* Debug */ = {
isa = XCBuildConfiguration;
buildSettings = {
CODE_SIGN_STYLE = Automatic;
};
name = Debug;
};
61285D213FF743F8AD5F1E93 /* Release */ = {
isa = XCBuildConfiguration;
buildSettings = {
CODE_SIGN_STYLE = Automatic;
};
name = Release;
};
3320336968064930AAD2DD11 /* Debug */ = {
isa = XCBuildConfiguration;
buildSettings = {
CURRENT_PROJECT_VERSION = 1;
GENERATE_INFOPLIST_FILE = YES;
IPHONEOS_DEPLOYMENT_TARGET = 17.0;
MARKETING_VERSION = 1.0;
CODE_SIGN_ENTITLEMENTS = PropertyAgent.entitlements;
PRODUCT_BUNDLE_IDENTIFIER = com.example.PropertyAgent;
PRODUCT_NAME = "$(TARGET_NAME)";
SWIFT_VERSION = 5.0;
TARGETED_DEVICE_FAMILY = "1,2";
};
name = Debug;
};
DBEF7CF84A0D4192843795C1 /* Release */ = {
isa = XCBuildConfiguration;
buildSettings = {
CURRENT_PROJECT_VERSION = 1;
GENERATE_INFOPLIST_FILE = YES;
IPHONEOS_DEPLOYMENT_TARGET = 17.0;
MARKETING_VERSION = 1.0;
CODE_SIGN_ENTITLEMENTS = PropertyAgent.entitlements;
PRODUCT_BUNDLE_IDENTIFIER = com.example.PropertyAgent;
PRODUCT_NAME = "$(TARGET_NAME)";
SWIFT_OPTIMIZATION_LEVEL = -O;
SWIFT_VERSION = 5.0;
TARGETED_DEVICE_FAMILY = "1,2";
};
name = Release;
};
/* End XCBuildConfiguration section */

/* Begin XCConfigurationList section */
B83AA61AB37E40F1B23BFD39 /* Build configuration list for PBXProject "PropertyAgent" */ = {
isa = XCConfigurationList;
buildConfigurations = (
5C7CE7D78DE845F2B14FDC97 /* Debug */,
61285D213FF743F8AD5F1E93 /* Release */,
);
defaultConfigurationIsVisible = 0;
defaultConfigurationName = Release;
};
D251734B073A4054893F5FF9 /* Build configuration list for PBXNativeTarget "PropertyAgent" */ = {
isa = XCConfigurationList;
buildConfigurations = (
3320336968064930AAD2DD11 /* Debug */,
DBEF7CF84A0D4192843795C1 /* Release */,
);
defaultConfigurationIsVisible = 0;
defaultConfigurationName = Release;
};
/* End XCConfigurationList section */

};
rootObject = 4B4079C027A045969E0D2D91 /* Project object */;

	archiveVersion = 1;
	classes = {
	};
	objectVersion = 77;
	objects = {

/* Begin PBXContainerItemProxy section */
		36D04A2B2E5FE486007ADDA0 /* PBXContainerItemProxy */ = {
			isa = PBXContainerItemProxy;
			containerPortal = 36D04A142E5FE484007ADDA0 /* Project object */;
			proxyType = 1;
			remoteGlobalIDString = 36D04A1B2E5FE484007ADDA0;
			remoteInfo = PropertyAgent;
		};
		36D04A352E5FE486007ADDA0 /* PBXContainerItemProxy */ = {
			isa = PBXContainerItemProxy;
			containerPortal = 36D04A142E5FE484007ADDA0 /* Project object */;
			proxyType = 1;
			remoteGlobalIDString = 36D04A1B2E5FE484007ADDA0;
			remoteInfo = PropertyAgent;
		};
/* End PBXContainerItemProxy section */

/* Begin PBXFileReference section */
		36D04A1C2E5FE484007ADDA0 /* PropertyAgent.app */ = {isa = PBXFileReference; explicitFileType = wrapper.application; includeInIndex = 0; path = PropertyAgent.app; sourceTree = BUILT_PRODUCTS_DIR; };
		36D04A2A2E5FE486007ADDA0 /* PropertyAgentTests.xctest */ = {isa = PBXFileReference; explicitFileType = wrapper.cfbundle; includeInIndex = 0; path = PropertyAgentTests.xctest; sourceTree = BUILT_PRODUCTS_DIR; };
		36D04A342E5FE486007ADDA0 /* PropertyAgentUITests.xctest */ = {isa = PBXFileReference; explicitFileType = wrapper.cfbundle; includeInIndex = 0; path = PropertyAgentUITests.xctest; sourceTree = BUILT_PRODUCTS_DIR; };
/* End PBXFileReference section */

/* Begin PBXFileSystemSynchronizedRootGroup section */
		36D04A1E2E5FE484007ADDA0 /* PropertyAgent */ = {
			isa = PBXFileSystemSynchronizedRootGroup;
			path = PropertyAgent;
			sourceTree = "<group>";
		};
		36D04A2D2E5FE486007ADDA0 /* PropertyAgentTests */ = {
			isa = PBXFileSystemSynchronizedRootGroup;
			path = PropertyAgentTests;
			sourceTree = "<group>";
		};
		36D04A372E5FE486007ADDA0 /* PropertyAgentUITests */ = {
			isa = PBXFileSystemSynchronizedRootGroup;
			path = PropertyAgentUITests;
			sourceTree = "<group>";
		};
/* End PBXFileSystemSynchronizedRootGroup section */

/* Begin PBXFrameworksBuildPhase section */
		36D04A192E5FE484007ADDA0 /* Frameworks */ = {
			isa = PBXFrameworksBuildPhase;
			buildActionMask = 2147483647;
			files = (
			);
			runOnlyForDeploymentPostprocessing = 0;
		};
		36D04A272E5FE486007ADDA0 /* Frameworks */ = {
			isa = PBXFrameworksBuildPhase;
			buildActionMask = 2147483647;
			files = (
			);
			runOnlyForDeploymentPostprocessing = 0;
		};
		36D04A312E5FE486007ADDA0 /* Frameworks */ = {
			isa = PBXFrameworksBuildPhase;
			buildActionMask = 2147483647;
			files = (
			);
			runOnlyForDeploymentPostprocessing = 0;
		};
/* End PBXFrameworksBuildPhase section */

/* Begin PBXGroup section */
		36D04A132E5FE484007ADDA0 = {
			isa = PBXGroup;
			children = (
				36D04A1E2E5FE484007ADDA0 /* PropertyAgent */,
				36D04A2D2E5FE486007ADDA0 /* PropertyAgentTests */,
				36D04A372E5FE486007ADDA0 /* PropertyAgentUITests */,
				36D04A1D2E5FE484007ADDA0 /* Products */,
			);
			sourceTree = "<group>";
		};
		36D04A1D2E5FE484007ADDA0 /* Products */ = {
			isa = PBXGroup;
			children = (
				36D04A1C2E5FE484007ADDA0 /* PropertyAgent.app */,
				36D04A2A2E5FE486007ADDA0 /* PropertyAgentTests.xctest */,
				36D04A342E5FE486007ADDA0 /* PropertyAgentUITests.xctest */,
			);
			name = Products;
			sourceTree = "<group>";
		};
/* End PBXGroup section */

/* Begin PBXNativeTarget section */
		36D04A1B2E5FE484007ADDA0 /* PropertyAgent */ = {
			isa = PBXNativeTarget;
			buildConfigurationList = 36D04A3E2E5FE486007ADDA0 /* Build configuration list for PBXNativeTarget "PropertyAgent" */;
			buildPhases = (
				36D04A182E5FE484007ADDA0 /* Sources */,
				36D04A192E5FE484007ADDA0 /* Frameworks */,
				36D04A1A2E5FE484007ADDA0 /* Resources */,
			);
			buildRules = (
			);
			dependencies = (
			);
			fileSystemSynchronizedGroups = (
				36D04A1E2E5FE484007ADDA0 /* PropertyAgent */,
			);
			name = PropertyAgent;
			packageProductDependencies = (
			);
			productName = PropertyAgent;
			productReference = 36D04A1C2E5FE484007ADDA0 /* PropertyAgent.app */;
			productType = "com.apple.product-type.application";
		};
		36D04A292E5FE486007ADDA0 /* PropertyAgentTests */ = {
			isa = PBXNativeTarget;
			buildConfigurationList = 36D04A412E5FE486007ADDA0 /* Build configuration list for PBXNativeTarget "PropertyAgentTests" */;
			buildPhases = (
				36D04A262E5FE486007ADDA0 /* Sources */,
				36D04A272E5FE486007ADDA0 /* Frameworks */,
				36D04A282E5FE486007ADDA0 /* Resources */,
			);
			buildRules = (
			);
			dependencies = (
				36D04A2C2E5FE486007ADDA0 /* PBXTargetDependency */,
			);
			fileSystemSynchronizedGroups = (
				36D04A2D2E5FE486007ADDA0 /* PropertyAgentTests */,
			);
			name = PropertyAgentTests;
			packageProductDependencies = (
			);
			productName = PropertyAgentTests;
			productReference = 36D04A2A2E5FE486007ADDA0 /* PropertyAgentTests.xctest */;
			productType = "com.apple.product-type.bundle.unit-test";
		};
		36D04A332E5FE486007ADDA0 /* PropertyAgentUITests */ = {
			isa = PBXNativeTarget;
			buildConfigurationList = 36D04A442E5FE486007ADDA0 /* Build configuration list for PBXNativeTarget "PropertyAgentUITests" */;
			buildPhases = (
				36D04A302E5FE486007ADDA0 /* Sources */,
				36D04A312E5FE486007ADDA0 /* Frameworks */,
				36D04A322E5FE486007ADDA0 /* Resources */,
			);
			buildRules = (
			);
			dependencies = (
				36D04A362E5FE486007ADDA0 /* PBXTargetDependency */,
			);
			fileSystemSynchronizedGroups = (
				36D04A372E5FE486007ADDA0 /* PropertyAgentUITests */,
			);
			name = PropertyAgentUITests;
			packageProductDependencies = (
			);
			productName = PropertyAgentUITests;
			productReference = 36D04A342E5FE486007ADDA0 /* PropertyAgentUITests.xctest */;
			productType = "com.apple.product-type.bundle.ui-testing";
		};
/* End PBXNativeTarget section */

/* Begin PBXProject section */
		36D04A142E5FE484007ADDA0 /* Project object */ = {
			isa = PBXProject;
			attributes = {
				BuildIndependentTargetsInParallel = 1;
				LastSwiftUpdateCheck = 1640;
				LastUpgradeCheck = 1640;
				TargetAttributes = {
					36D04A1B2E5FE484007ADDA0 = {
						CreatedOnToolsVersion = 16.4;
					};
					36D04A292E5FE486007ADDA0 = {
						CreatedOnToolsVersion = 16.4;
						TestTargetID = 36D04A1B2E5FE484007ADDA0;
					};
					36D04A332E5FE486007ADDA0 = {
						CreatedOnToolsVersion = 16.4;
						TestTargetID = 36D04A1B2E5FE484007ADDA0;
					};
				};
			};
			buildConfigurationList = 36D04A172E5FE484007ADDA0 /* Build configuration list for PBXProject "PropertyAgent" */;
			developmentRegion = en;
			hasScannedForEncodings = 0;
			knownRegions = (
				en,
				Base,
			);
			mainGroup = 36D04A132E5FE484007ADDA0;
			minimizedProjectReferenceProxies = 1;
			preferredProjectObjectVersion = 77;
			productRefGroup = 36D04A1D2E5FE484007ADDA0 /* Products */;
			projectDirPath = "";
			projectRoot = "";
			targets = (
				36D04A1B2E5FE484007ADDA0 /* PropertyAgent */,
				36D04A292E5FE486007ADDA0 /* PropertyAgentTests */,
				36D04A332E5FE486007ADDA0 /* PropertyAgentUITests */,
			);
		};
/* End PBXProject section */

/* Begin PBXResourcesBuildPhase section */
		36D04A1A2E5FE484007ADDA0 /* Resources */ = {
			isa = PBXResourcesBuildPhase;
			buildActionMask = 2147483647;
			files = (
			);
			runOnlyForDeploymentPostprocessing = 0;
		};
		36D04A282E5FE486007ADDA0 /* Resources */ = {
			isa = PBXResourcesBuildPhase;
			buildActionMask = 2147483647;
			files = (
			);
			runOnlyForDeploymentPostprocessing = 0;
		};
		36D04A322E5FE486007ADDA0 /* Resources */ = {
			isa = PBXResourcesBuildPhase;
			buildActionMask = 2147483647;
			files = (
			);
			runOnlyForDeploymentPostprocessing = 0;
		};
/* End PBXResourcesBuildPhase section */

/* Begin PBXSourcesBuildPhase section */
		36D04A182E5FE484007ADDA0 /* Sources */ = {
			isa = PBXSourcesBuildPhase;
			buildActionMask = 2147483647;
			files = (
			);
			runOnlyForDeploymentPostprocessing = 0;
		};
		36D04A262E5FE486007ADDA0 /* Sources */ = {
			isa = PBXSourcesBuildPhase;
			buildActionMask = 2147483647;
			files = (
			);
			runOnlyForDeploymentPostprocessing = 0;
		};
		36D04A302E5FE486007ADDA0 /* Sources */ = {
			isa = PBXSourcesBuildPhase;
			buildActionMask = 2147483647;
			files = (
			);
			runOnlyForDeploymentPostprocessing = 0;
		};
/* End PBXSourcesBuildPhase section */

/* Begin PBXTargetDependency section */
		36D04A2C2E5FE486007ADDA0 /* PBXTargetDependency */ = {
			isa = PBXTargetDependency;
			target = 36D04A1B2E5FE484007ADDA0 /* PropertyAgent */;
			targetProxy = 36D04A2B2E5FE486007ADDA0 /* PBXContainerItemProxy */;
		};
		36D04A362E5FE486007ADDA0 /* PBXTargetDependency */ = {
			isa = PBXTargetDependency;
			target = 36D04A1B2E5FE484007ADDA0 /* PropertyAgent */;
			targetProxy = 36D04A352E5FE486007ADDA0 /* PBXContainerItemProxy */;
		};
/* End PBXTargetDependency section */

/* Begin XCBuildConfiguration section */
		36D04A3C2E5FE486007ADDA0 /* Debug */ = {
			isa = XCBuildConfiguration;
			buildSettings = {
				ALWAYS_SEARCH_USER_PATHS = NO;
				ASSETCATALOG_COMPILER_GENERATE_SWIFT_ASSET_SYMBOL_EXTENSIONS = YES;
				CLANG_ANALYZER_NONNULL = YES;
				CLANG_ANALYZER_NUMBER_OBJECT_CONVERSION = YES_AGGRESSIVE;
				CLANG_CXX_LANGUAGE_STANDARD = "gnu++20";
				CLANG_ENABLE_MODULES = YES;
				CLANG_ENABLE_OBJC_ARC = YES;
				CLANG_ENABLE_OBJC_WEAK = YES;
				CLANG_WARN_BLOCK_CAPTURE_AUTORELEASING = YES;
				CLANG_WARN_BOOL_CONVERSION = YES;
				CLANG_WARN_COMMA = YES;
				CLANG_WARN_CONSTANT_CONVERSION = YES;
				CLANG_WARN_DEPRECATED_OBJC_IMPLEMENTATIONS = YES;
				CLANG_WARN_DIRECT_OBJC_ISA_USAGE = YES_ERROR;
				CLANG_WARN_DOCUMENTATION_COMMENTS = YES;
				CLANG_WARN_EMPTY_BODY = YES;
				CLANG_WARN_ENUM_CONVERSION = YES;
				CLANG_WARN_INFINITE_RECURSION = YES;
				CLANG_WARN_INT_CONVERSION = YES;
				CLANG_WARN_NON_LITERAL_NULL_CONVERSION = YES;
				CLANG_WARN_OBJC_IMPLICIT_RETAIN_SELF = YES;
				CLANG_WARN_OBJC_LITERAL_CONVERSION = YES;
				CLANG_WARN_OBJC_ROOT_CLASS = YES_ERROR;
				CLANG_WARN_QUOTED_INCLUDE_IN_FRAMEWORK_HEADER = YES;
				CLANG_WARN_RANGE_LOOP_ANALYSIS = YES;
				CLANG_WARN_STRICT_PROTOTYPES = YES;
				CLANG_WARN_SUSPICIOUS_MOVE = YES;
				CLANG_WARN_UNGUARDED_AVAILABILITY = YES_AGGRESSIVE;
				CLANG_WARN_UNREACHABLE_CODE = YES;
				CLANG_WARN__DUPLICATE_METHOD_MATCH = YES;
				COPY_PHASE_STRIP = NO;
				DEBUG_INFORMATION_FORMAT = dwarf;
				ENABLE_STRICT_OBJC_MSGSEND = YES;
				ENABLE_TESTABILITY = YES;
				ENABLE_USER_SCRIPT_SANDBOXING = YES;
				GCC_C_LANGUAGE_STANDARD = gnu17;
				GCC_DYNAMIC_NO_PIC = NO;
				GCC_NO_COMMON_BLOCKS = YES;
				GCC_OPTIMIZATION_LEVEL = 0;
				GCC_PREPROCESSOR_DEFINITIONS = (
					"DEBUG=1",
					"$(inherited)",
				);
				GCC_WARN_64_TO_32_BIT_CONVERSION = YES;
				GCC_WARN_ABOUT_RETURN_TYPE = YES_ERROR;
				GCC_WARN_UNDECLARED_SELECTOR = YES;
				GCC_WARN_UNINITIALIZED_AUTOS = YES_AGGRESSIVE;
				GCC_WARN_UNUSED_FUNCTION = YES;
				GCC_WARN_UNUSED_VARIABLE = YES;
				LOCALIZATION_PREFERS_STRING_CATALOGS = YES;
				MTL_ENABLE_DEBUG_INFO = INCLUDE_SOURCE;
				MTL_FAST_MATH = YES;
				ONLY_ACTIVE_ARCH = YES;
				SWIFT_ACTIVE_COMPILATION_CONDITIONS = "DEBUG $(inherited)";
				SWIFT_OPTIMIZATION_LEVEL = "-Onone";
			};
			name = Debug;
		};
		36D04A3D2E5FE486007ADDA0 /* Release */ = {
			isa = XCBuildConfiguration;
			buildSettings = {
				ALWAYS_SEARCH_USER_PATHS = NO;
				ASSETCATALOG_COMPILER_GENERATE_SWIFT_ASSET_SYMBOL_EXTENSIONS = YES;
				CLANG_ANALYZER_NONNULL = YES;
				CLANG_ANALYZER_NUMBER_OBJECT_CONVERSION = YES_AGGRESSIVE;
				CLANG_CXX_LANGUAGE_STANDARD = "gnu++20";
				CLANG_ENABLE_MODULES = YES;
				CLANG_ENABLE_OBJC_ARC = YES;
				CLANG_ENABLE_OBJC_WEAK = YES;
				CLANG_WARN_BLOCK_CAPTURE_AUTORELEASING = YES;
				CLANG_WARN_BOOL_CONVERSION = YES;
				CLANG_WARN_COMMA = YES;
				CLANG_WARN_CONSTANT_CONVERSION = YES;
				CLANG_WARN_DEPRECATED_OBJC_IMPLEMENTATIONS = YES;
				CLANG_WARN_DIRECT_OBJC_ISA_USAGE = YES_ERROR;
				CLANG_WARN_DOCUMENTATION_COMMENTS = YES;
				CLANG_WARN_EMPTY_BODY = YES;
				CLANG_WARN_ENUM_CONVERSION = YES;
				CLANG_WARN_INFINITE_RECURSION = YES;
				CLANG_WARN_INT_CONVERSION = YES;
				CLANG_WARN_NON_LITERAL_NULL_CONVERSION = YES;
				CLANG_WARN_OBJC_IMPLICIT_RETAIN_SELF = YES;
				CLANG_WARN_OBJC_LITERAL_CONVERSION = YES;
				CLANG_WARN_OBJC_ROOT_CLASS = YES_ERROR;
				CLANG_WARN_QUOTED_INCLUDE_IN_FRAMEWORK_HEADER = YES;
				CLANG_WARN_RANGE_LOOP_ANALYSIS = YES;
				CLANG_WARN_STRICT_PROTOTYPES = YES;
				CLANG_WARN_SUSPICIOUS_MOVE = YES;
				CLANG_WARN_UNGUARDED_AVAILABILITY = YES_AGGRESSIVE;
				CLANG_WARN_UNREACHABLE_CODE = YES;
				CLANG_WARN__DUPLICATE_METHOD_MATCH = YES;
				COPY_PHASE_STRIP = NO;
				DEBUG_INFORMATION_FORMAT = "dwarf-with-dsym";
				ENABLE_NS_ASSERTIONS = NO;
				ENABLE_STRICT_OBJC_MSGSEND = YES;
				ENABLE_USER_SCRIPT_SANDBOXING = YES;
				GCC_C_LANGUAGE_STANDARD = gnu17;
				GCC_NO_COMMON_BLOCKS = YES;
				GCC_WARN_64_TO_32_BIT_CONVERSION = YES;
				GCC_WARN_ABOUT_RETURN_TYPE = YES_ERROR;
				GCC_WARN_UNDECLARED_SELECTOR = YES;
				GCC_WARN_UNINITIALIZED_AUTOS = YES_AGGRESSIVE;
				GCC_WARN_UNUSED_FUNCTION = YES;
				GCC_WARN_UNUSED_VARIABLE = YES;
				LOCALIZATION_PREFERS_STRING_CATALOGS = YES;
				MTL_ENABLE_DEBUG_INFO = NO;
				MTL_FAST_MATH = YES;
				SWIFT_COMPILATION_MODE = wholemodule;
			};
			name = Release;
		};
		36D04A3F2E5FE486007ADDA0 /* Debug */ = {
			isa = XCBuildConfiguration;
			buildSettings = {
				ASSETCATALOG_COMPILER_APPICON_NAME = AppIcon;
				ASSETCATALOG_COMPILER_GLOBAL_ACCENT_COLOR_NAME = AccentColor;
				CODE_SIGN_ENTITLEMENTS = PropertyAgent/PropertyAgent.entitlements;
				CODE_SIGN_STYLE = Automatic;
				CURRENT_PROJECT_VERSION = 1;
				DEVELOPMENT_TEAM = CW9F2HBQQ7;
				ENABLE_PREVIEWS = YES;
				GENERATE_INFOPLIST_FILE = YES;
				"INFOPLIST_KEY_UIApplicationSceneManifest_Generation[sdk=iphoneos*]" = YES;
				"INFOPLIST_KEY_UIApplicationSceneManifest_Generation[sdk=iphonesimulator*]" = YES;
				"INFOPLIST_KEY_UIApplicationSupportsIndirectInputEvents[sdk=iphoneos*]" = YES;
				"INFOPLIST_KEY_UIApplicationSupportsIndirectInputEvents[sdk=iphonesimulator*]" = YES;
				"INFOPLIST_KEY_UILaunchScreen_Generation[sdk=iphoneos*]" = YES;
				"INFOPLIST_KEY_UILaunchScreen_Generation[sdk=iphonesimulator*]" = YES;
				"INFOPLIST_KEY_UIStatusBarStyle[sdk=iphoneos*]" = UIStatusBarStyleDefault;
				"INFOPLIST_KEY_UIStatusBarStyle[sdk=iphonesimulator*]" = UIStatusBarStyleDefault;
				INFOPLIST_KEY_UISupportedInterfaceOrientations_iPad = "UIInterfaceOrientationPortrait UIInterfaceOrientationPortraitUpsideDown UIInterfaceOrientationLandscapeLeft UIInterfaceOrientationLandscapeRight";
				INFOPLIST_KEY_UISupportedInterfaceOrientations_iPhone = "UIInterfaceOrientationPortrait UIInterfaceOrientationLandscapeLeft UIInterfaceOrientationLandscapeRight";
				IPHONEOS_DEPLOYMENT_TARGET = 18.5;
				LD_RUNPATH_SEARCH_PATHS = "@executable_path/Frameworks";
				"LD_RUNPATH_SEARCH_PATHS[sdk=macosx*]" = "@executable_path/../Frameworks";
				MACOSX_DEPLOYMENT_TARGET = 15.4;
				MARKETING_VERSION = 1.0;
				PRODUCT_BUNDLE_IDENTIFIER = com.sethjfreeman.PropertyAgent;
				PRODUCT_NAME = "$(TARGET_NAME)";
				REGISTER_APP_GROUPS = YES;
				SDKROOT = auto;
				SUPPORTED_PLATFORMS = "iphoneos iphonesimulator macosx xros xrsimulator";
				SWIFT_EMIT_LOC_STRINGS = YES;
				SWIFT_VERSION = 5.0;
				TARGETED_DEVICE_FAMILY = "1,2,7";
				XROS_DEPLOYMENT_TARGET = 2.5;
			};
			name = Debug;
		};
		36D04A402E5FE486007ADDA0 /* Release */ = {
			isa = XCBuildConfiguration;
			buildSettings = {
				ASSETCATALOG_COMPILER_APPICON_NAME = AppIcon;
				ASSETCATALOG_COMPILER_GLOBAL_ACCENT_COLOR_NAME = AccentColor;
				CODE_SIGN_ENTITLEMENTS = PropertyAgent/PropertyAgent.entitlements;
				CODE_SIGN_STYLE = Automatic;
				CURRENT_PROJECT_VERSION = 1;
				DEVELOPMENT_TEAM = CW9F2HBQQ7;
				ENABLE_PREVIEWS = YES;
				GENERATE_INFOPLIST_FILE = YES;
				"INFOPLIST_KEY_UIApplicationSceneManifest_Generation[sdk=iphoneos*]" = YES;
				"INFOPLIST_KEY_UIApplicationSceneManifest_Generation[sdk=iphonesimulator*]" = YES;
				"INFOPLIST_KEY_UIApplicationSupportsIndirectInputEvents[sdk=iphoneos*]" = YES;
				"INFOPLIST_KEY_UIApplicationSupportsIndirectInputEvents[sdk=iphonesimulator*]" = YES;
				"INFOPLIST_KEY_UILaunchScreen_Generation[sdk=iphoneos*]" = YES;
				"INFOPLIST_KEY_UILaunchScreen_Generation[sdk=iphonesimulator*]" = YES;
				"INFOPLIST_KEY_UIStatusBarStyle[sdk=iphoneos*]" = UIStatusBarStyleDefault;
				"INFOPLIST_KEY_UIStatusBarStyle[sdk=iphonesimulator*]" = UIStatusBarStyleDefault;
				INFOPLIST_KEY_UISupportedInterfaceOrientations_iPad = "UIInterfaceOrientationPortrait UIInterfaceOrientationPortraitUpsideDown UIInterfaceOrientationLandscapeLeft UIInterfaceOrientationLandscapeRight";
				INFOPLIST_KEY_UISupportedInterfaceOrientations_iPhone = "UIInterfaceOrientationPortrait UIInterfaceOrientationLandscapeLeft UIInterfaceOrientationLandscapeRight";
				IPHONEOS_DEPLOYMENT_TARGET = 18.5;
				LD_RUNPATH_SEARCH_PATHS = "@executable_path/Frameworks";
				"LD_RUNPATH_SEARCH_PATHS[sdk=macosx*]" = "@executable_path/../Frameworks";
				MACOSX_DEPLOYMENT_TARGET = 15.4;
				MARKETING_VERSION = 1.0;
				PRODUCT_BUNDLE_IDENTIFIER = com.sethjfreeman.PropertyAgent;
				PRODUCT_NAME = "$(TARGET_NAME)";
				REGISTER_APP_GROUPS = YES;
				SDKROOT = auto;
				SUPPORTED_PLATFORMS = "iphoneos iphonesimulator macosx xros xrsimulator";
				SWIFT_EMIT_LOC_STRINGS = YES;
				SWIFT_VERSION = 5.0;
				TARGETED_DEVICE_FAMILY = "1,2,7";
				XROS_DEPLOYMENT_TARGET = 2.5;
			};
			name = Release;
		};
		36D04A422E5FE486007ADDA0 /* Debug */ = {
			isa = XCBuildConfiguration;
			buildSettings = {
				BUNDLE_LOADER = "$(TEST_HOST)";
				CODE_SIGN_STYLE = Automatic;
				CURRENT_PROJECT_VERSION = 1;
				GENERATE_INFOPLIST_FILE = YES;
				IPHONEOS_DEPLOYMENT_TARGET = 18.5;
				MACOSX_DEPLOYMENT_TARGET = 15.4;
				MARKETING_VERSION = 1.0;
				PRODUCT_BUNDLE_IDENTIFIER = com.PropertyAgentTests;
				PRODUCT_NAME = "$(TARGET_NAME)";
				SDKROOT = auto;
				SUPPORTED_PLATFORMS = "iphoneos iphonesimulator macosx xros xrsimulator";
				SWIFT_EMIT_LOC_STRINGS = NO;
				SWIFT_VERSION = 5.0;
				TARGETED_DEVICE_FAMILY = "1,2,7";
				TEST_HOST = "$(BUILT_PRODUCTS_DIR)/PropertyAgent.app/$(BUNDLE_EXECUTABLE_FOLDER_PATH)/PropertyAgent";
				XROS_DEPLOYMENT_TARGET = 2.5;
			};
			name = Debug;
		};
		36D04A432E5FE486007ADDA0 /* Release */ = {
			isa = XCBuildConfiguration;
			buildSettings = {
				BUNDLE_LOADER = "$(TEST_HOST)";
				CODE_SIGN_STYLE = Automatic;
				CURRENT_PROJECT_VERSION = 1;
				GENERATE_INFOPLIST_FILE = YES;
				IPHONEOS_DEPLOYMENT_TARGET = 18.5;
				MACOSX_DEPLOYMENT_TARGET = 15.4;
				MARKETING_VERSION = 1.0;
				PRODUCT_BUNDLE_IDENTIFIER = com.PropertyAgentTests;
				PRODUCT_NAME = "$(TARGET_NAME)";
				SDKROOT = auto;
				SUPPORTED_PLATFORMS = "iphoneos iphonesimulator macosx xros xrsimulator";
				SWIFT_EMIT_LOC_STRINGS = NO;
				SWIFT_VERSION = 5.0;
				TARGETED_DEVICE_FAMILY = "1,2,7";
				TEST_HOST = "$(BUILT_PRODUCTS_DIR)/PropertyAgent.app/$(BUNDLE_EXECUTABLE_FOLDER_PATH)/PropertyAgent";
				XROS_DEPLOYMENT_TARGET = 2.5;
			};
			name = Release;
		};
		36D04A452E5FE486007ADDA0 /* Debug */ = {
			isa = XCBuildConfiguration;
			buildSettings = {
				CODE_SIGN_STYLE = Automatic;
				CURRENT_PROJECT_VERSION = 1;
				GENERATE_INFOPLIST_FILE = YES;
				IPHONEOS_DEPLOYMENT_TARGET = 18.5;
				MACOSX_DEPLOYMENT_TARGET = 15.4;
				MARKETING_VERSION = 1.0;
				PRODUCT_BUNDLE_IDENTIFIER = com.PropertyAgentUITests;
				PRODUCT_NAME = "$(TARGET_NAME)";
				SDKROOT = auto;
				SUPPORTED_PLATFORMS = "iphoneos iphonesimulator macosx xros xrsimulator";
				SWIFT_EMIT_LOC_STRINGS = NO;
				SWIFT_VERSION = 5.0;
				TARGETED_DEVICE_FAMILY = "1,2,7";
				TEST_TARGET_NAME = PropertyAgent;
				XROS_DEPLOYMENT_TARGET = 2.5;
			};
			name = Debug;
		};
		36D04A462E5FE486007ADDA0 /* Release */ = {
			isa = XCBuildConfiguration;
			buildSettings = {
				CODE_SIGN_STYLE = Automatic;
				CURRENT_PROJECT_VERSION = 1;
				GENERATE_INFOPLIST_FILE = YES;
				IPHONEOS_DEPLOYMENT_TARGET = 18.5;
				MACOSX_DEPLOYMENT_TARGET = 15.4;
				MARKETING_VERSION = 1.0;
				PRODUCT_BUNDLE_IDENTIFIER = com.PropertyAgentUITests;
				PRODUCT_NAME = "$(TARGET_NAME)";
				SDKROOT = auto;
				SUPPORTED_PLATFORMS = "iphoneos iphonesimulator macosx xros xrsimulator";
				SWIFT_EMIT_LOC_STRINGS = NO;
				SWIFT_VERSION = 5.0;
				TARGETED_DEVICE_FAMILY = "1,2,7";
				TEST_TARGET_NAME = PropertyAgent;
				XROS_DEPLOYMENT_TARGET = 2.5;
			};
			name = Release;
		};
/* End XCBuildConfiguration section */

/* Begin XCConfigurationList section */
		36D04A172E5FE484007ADDA0 /* Build configuration list for PBXProject "PropertyAgent" */ = {
			isa = XCConfigurationList;
			buildConfigurations = (
				36D04A3C2E5FE486007ADDA0 /* Debug */,
				36D04A3D2E5FE486007ADDA0 /* Release */,
			);
			defaultConfigurationIsVisible = 0;
			defaultConfigurationName = Release;
		};
		36D04A3E2E5FE486007ADDA0 /* Build configuration list for PBXNativeTarget "PropertyAgent" */ = {
			isa = XCConfigurationList;
			buildConfigurations = (
				36D04A3F2E5FE486007ADDA0 /* Debug */,
				36D04A402E5FE486007ADDA0 /* Release */,
			);
			defaultConfigurationIsVisible = 0;
			defaultConfigurationName = Release;
		};
		36D04A412E5FE486007ADDA0 /* Build configuration list for PBXNativeTarget "PropertyAgentTests" */ = {
			isa = XCConfigurationList;
			buildConfigurations = (
				36D04A422E5FE486007ADDA0 /* Debug */,
				36D04A432E5FE486007ADDA0 /* Release */,
			);
			defaultConfigurationIsVisible = 0;
			defaultConfigurationName = Release;
		};
		36D04A442E5FE486007ADDA0 /* Build configuration list for PBXNativeTarget "PropertyAgentUITests" */ = {
			isa = XCConfigurationList;
			buildConfigurations = (
				36D04A452E5FE486007ADDA0 /* Debug */,
				36D04A462E5FE486007ADDA0 /* Release */,
			);
			defaultConfigurationIsVisible = 0;
			defaultConfigurationName = Release;
		};
/* End XCConfigurationList section */
	};
	rootObject = 36D04A142E5FE484007ADDA0 /* Project object */;

}
